// !$*UTF8*$!
{
	archiveVersion = 1;
	classes = {
	};
	objectVersion = 55;
	objects = {

/* Begin PBXBuildFile section */
		4158732E31DBF3696F3F27CD /* Pods_macosApp.framework in Frameworks */ = {isa = PBXBuildFile; fileRef = 40FD9D377E9316EDFB04E6C8 /* Pods_macosApp.framework */; };
		83A16263277915D500ED1791 /* macosApp.swift in Sources */ = {isa = PBXBuildFile; fileRef = 83A16262277915D500ED1791 /* macosApp.swift */; };
		83A16265277915D500ED1791 /* ContentView.swift in Sources */ = {isa = PBXBuildFile; fileRef = 83A16264277915D500ED1791 /* ContentView.swift */; };
		83A16267277915D600ED1791 /* Assets.xcassets in Resources */ = {isa = PBXBuildFile; fileRef = 83A16266277915D600ED1791 /* Assets.xcassets */; };
		83A1626A277915D600ED1791 /* Preview Assets.xcassets in Resources */ = {isa = PBXBuildFile; fileRef = 83A16269277915D600ED1791 /* Preview Assets.xcassets */; };
/* End PBXBuildFile section */

/* Begin PBXFileReference section */
		04EB630312BBE5DDE40C1D4C /* Pods-macosApp.debug.xcconfig */ = {isa = PBXFileReference; includeInIndex = 1; lastKnownFileType = text.xcconfig; name = "Pods-macosApp.debug.xcconfig"; path = "Target Support Files/Pods-macosApp/Pods-macosApp.debug.xcconfig"; sourceTree = "<group>"; };
		2EFE3A05D1F0951C2902096D /* Pods-macosApp.release.xcconfig */ = {isa = PBXFileReference; includeInIndex = 1; lastKnownFileType = text.xcconfig; name = "Pods-macosApp.release.xcconfig"; path = "Target Support Files/Pods-macosApp/Pods-macosApp.release.xcconfig"; sourceTree = "<group>"; };
		40FD9D377E9316EDFB04E6C8 /* Pods_macosApp.framework */ = {isa = PBXFileReference; explicitFileType = wrapper.framework; includeInIndex = 0; path = Pods_macosApp.framework; sourceTree = BUILT_PRODUCTS_DIR; };
		83A1625F277915D500ED1791 /* macosApp.app */ = {isa = PBXFileReference; explicitFileType = wrapper.application; includeInIndex = 0; path = macosApp.app; sourceTree = BUILT_PRODUCTS_DIR; };
		83A16262277915D500ED1791 /* macosApp.swift */ = {isa = PBXFileReference; lastKnownFileType = sourcecode.swift; path = macosApp.swift; sourceTree = "<group>"; };
		83A16264277915D500ED1791 /* ContentView.swift */ = {isa = PBXFileReference; lastKnownFileType = sourcecode.swift; path = ContentView.swift; sourceTree = "<group>"; };
		83A16266277915D600ED1791 /* Assets.xcassets */ = {isa = PBXFileReference; lastKnownFileType = folder.assetcatalog; path = Assets.xcassets; sourceTree = "<group>"; };
		83A16269277915D600ED1791 /* Preview Assets.xcassets */ = {isa = PBXFileReference; lastKnownFileType = folder.assetcatalog; path = "Preview Assets.xcassets"; sourceTree = "<group>"; };
		83A1626B277915D600ED1791 /* f1results.entitlements */ = {isa = PBXFileReference; lastKnownFileType = text.plist.entitlements; path = f1results.entitlements; sourceTree = "<group>"; };
		DBB004C25056FB2BA5E7F238 /* Pods-f1results.debug.xcconfig */ = {isa = PBXFileReference; includeInIndex = 1; lastKnownFileType = text.xcconfig; name = "Pods-f1results.debug.xcconfig"; path = "Target Support Files/Pods-f1results/Pods-f1results.debug.xcconfig"; sourceTree = "<group>"; };
		F19C9DBC9B8D58E041D392AE /* Pods-f1results.release.xcconfig */ = {isa = PBXFileReference; includeInIndex = 1; lastKnownFileType = text.xcconfig; name = "Pods-f1results.release.xcconfig"; path = "Target Support Files/Pods-f1results/Pods-f1results.release.xcconfig"; sourceTree = "<group>"; };
/* End PBXFileReference section */

/* Begin PBXFrameworksBuildPhase section */
		83A1625C277915D500ED1791 /* Frameworks */ = {
			isa = PBXFrameworksBuildPhase;
			buildActionMask = 2147483647;
			files = (
				4158732E31DBF3696F3F27CD /* Pods_macosApp.framework in Frameworks */,
			);
			runOnlyForDeploymentPostprocessing = 0;
		};
/* End PBXFrameworksBuildPhase section */

/* Begin PBXGroup section */
		2A3E25E8FF4A4A4AFF7CDCFF /* Frameworks */ = {
			isa = PBXGroup;
			children = (
				40FD9D377E9316EDFB04E6C8 /* Pods_macosApp.framework */,
			);
			name = Frameworks;
			sourceTree = "<group>";
		};
		45C6086E7EEC6CF0794CCD85 /* Pods */ = {
			isa = PBXGroup;
			children = (
				DBB004C25056FB2BA5E7F238 /* Pods-f1results.debug.xcconfig */,
				F19C9DBC9B8D58E041D392AE /* Pods-f1results.release.xcconfig */,
				04EB630312BBE5DDE40C1D4C /* Pods-macosApp.debug.xcconfig */,
				2EFE3A05D1F0951C2902096D /* Pods-macosApp.release.xcconfig */,
			);
			path = Pods;
			sourceTree = "<group>";
		};
		83A16256277915D500ED1791 = {
			isa = PBXGroup;
			children = (
				83A16261277915D500ED1791 /* macosApp */,
				83A16260277915D500ED1791 /* Products */,
				45C6086E7EEC6CF0794CCD85 /* Pods */,
				2A3E25E8FF4A4A4AFF7CDCFF /* Frameworks */,
			);
			sourceTree = "<group>";
		};
		83A16260277915D500ED1791 /* Products */ = {
			isa = PBXGroup;
			children = (
				83A1625F277915D500ED1791 /* macosApp.app */,
			);
			name = Products;
			sourceTree = "<group>";
		};
		83A16261277915D500ED1791 /* macosApp */ = {
			isa = PBXGroup;
			children = (
				83A16262277915D500ED1791 /* macosApp.swift */,
				83A16264277915D500ED1791 /* ContentView.swift */,
				83A16266277915D600ED1791 /* Assets.xcassets */,
				83A1626B277915D600ED1791 /* f1results.entitlements */,
				83A16268277915D600ED1791 /* Preview Content */,
			);
			path = macosApp;
			sourceTree = "<group>";
		};
		83A16268277915D600ED1791 /* Preview Content */ = {
			isa = PBXGroup;
			children = (
				83A16269277915D600ED1791 /* Preview Assets.xcassets */,
			);
			path = "Preview Content";
			sourceTree = "<group>";
		};
/* End PBXGroup section */

/* Begin PBXNativeTarget section */
		83A1625E277915D500ED1791 /* macosApp */ = {
			isa = PBXNativeTarget;
			buildConfigurationList = 83A16284277915D700ED1791 /* Build configuration list for PBXNativeTarget "macosApp" */;
			buildPhases = (
				1ECC735540EF30755E7E5258 /* [CP] Check Pods Manifest.lock */,
				83A1625B277915D500ED1791 /* Sources */,
				83A1625C277915D500ED1791 /* Frameworks */,
				83A1625D277915D500ED1791 /* Resources */,
			);
			buildRules = (
			);
			dependencies = (
			);
			name = macosApp;
			productName = f1results;
			productReference = 83A1625F277915D500ED1791 /* macosApp.app */;
			productType = "com.apple.product-type.application";
		};
/* End PBXNativeTarget section */

/* Begin PBXProject section */
		83A16257277915D500ED1791 /* Project object */ = {
			isa = PBXProject;
			attributes = {
				BuildIndependentTargetsInParallel = 1;
				LastSwiftUpdateCheck = 1320;
				LastUpgradeCheck = 1320;
				TargetAttributes = {
					83A1625E277915D500ED1791 = {
						CreatedOnToolsVersion = 13.2;
					};
				};
			};
			buildConfigurationList = 83A1625A277915D500ED1791 /* Build configuration list for PBXProject "macosApp" */;
			compatibilityVersion = "Xcode 13.0";
			developmentRegion = en;
			hasScannedForEncodings = 0;
			knownRegions = (
				en,
				Base,
			);
			mainGroup = 83A16256277915D500ED1791;
			productRefGroup = 83A16260277915D500ED1791 /* Products */;
			projectDirPath = "";
			projectRoot = "";
			targets = (
				83A1625E277915D500ED1791 /* macosApp */,
			);
		};
/* End PBXProject section */

/* Begin PBXResourcesBuildPhase section */
		83A1625D277915D500ED1791 /* Resources */ = {
			isa = PBXResourcesBuildPhase;
			buildActionMask = 2147483647;
			files = (
				83A1626A277915D600ED1791 /* Preview Assets.xcassets in Resources */,
				83A16267277915D600ED1791 /* Assets.xcassets in Resources */,
			);
			runOnlyForDeploymentPostprocessing = 0;
		};
/* End PBXResourcesBuildPhase section */

/* Begin PBXShellScriptBuildPhase section */
		1ECC735540EF30755E7E5258 /* [CP] Check Pods Manifest.lock */ = {
			isa = PBXShellScriptBuildPhase;
			buildActionMask = 2147483647;
			files = (
			);
			inputFileListPaths = (
			);
			inputPaths = (
				"${PODS_PODFILE_DIR_PATH}/Podfile.lock",
				"${PODS_ROOT}/Manifest.lock",
			);
			name = "[CP] Check Pods Manifest.lock";
			outputFileListPaths = (
			);
			outputPaths = (
				"$(DERIVED_FILE_DIR)/Pods-macosApp-checkManifestLockResult.txt",
			);
			runOnlyForDeploymentPostprocessing = 0;
			shellPath = /bin/sh;
			shellScript = "diff \"${PODS_PODFILE_DIR_PATH}/Podfile.lock\" \"${PODS_ROOT}/Manifest.lock\" > /dev/null\nif [ $? != 0 ] ; then\n    # print error to STDERR\n    echo \"error: The sandbox is not in sync with the Podfile.lock. Run 'pod install' or update your CocoaPods installation.\" >&2\n    exit 1\nfi\n# This output is used by Xcode 'outputs' to avoid re-running this script phase.\necho \"SUCCESS\" > \"${SCRIPT_OUTPUT_FILE_0}\"\n";
			showEnvVarsInLog = 0;
		};
/* End PBXShellScriptBuildPhase section */

/* Begin PBXSourcesBuildPhase section */
		83A1625B277915D500ED1791 /* Sources */ = {
			isa = PBXSourcesBuildPhase;
			buildActionMask = 2147483647;
			files = (
				83A16265277915D500ED1791 /* ContentView.swift in Sources */,
				83A16263277915D500ED1791 /* macosApp.swift in Sources */,
			);
			runOnlyForDeploymentPostprocessing = 0;
		};
/* End PBXSourcesBuildPhase section */

/* Begin XCBuildConfiguration section */
		83A16282277915D700ED1791 /* Debug */ = {
			isa = XCBuildConfiguration;
			buildSettings = {
				ALWAYS_SEARCH_USER_PATHS = NO;
				CLANG_ANALYZER_NONNULL = YES;
				CLANG_ANALYZER_NUMBER_OBJECT_CONVERSION = YES_AGGRESSIVE;
				CLANG_CXX_LANGUAGE_STANDARD = "gnu++17";
				CLANG_CXX_LIBRARY = "libc++";
				CLANG_ENABLE_MODULES = YES;
				CLANG_ENABLE_OBJC_ARC = YES;
				CLANG_ENABLE_OBJC_WEAK = YES;
				CLANG_WARN_BLOCK_CAPTURE_AUTORELEASING = YES;
				CLANG_WARN_BOOL_CONVERSION = YES;
				CLANG_WARN_COMMA = YES;
				CLANG_WARN_CONSTANT_CONVERSION = YES;
				CLANG_WARN_DEPRECATED_OBJC_IMPLEMENTATIONS = YES;
				CLANG_WARN_DIRECT_OBJC_ISA_USAGE = YES_ERROR;
				CLANG_WARN_DOCUMENTATION_COMMENTS = YES;
				CLANG_WARN_EMPTY_BODY = YES;
				CLANG_WARN_ENUM_CONVERSION = YES;
				CLANG_WARN_INFINITE_RECURSION = YES;
				CLANG_WARN_INT_CONVERSION = YES;
				CLANG_WARN_NON_LITERAL_NULL_CONVERSION = YES;
				CLANG_WARN_OBJC_IMPLICIT_RETAIN_SELF = YES;
				CLANG_WARN_OBJC_LITERAL_CONVERSION = YES;
				CLANG_WARN_OBJC_ROOT_CLASS = YES_ERROR;
				CLANG_WARN_QUOTED_INCLUDE_IN_FRAMEWORK_HEADER = YES;
				CLANG_WARN_RANGE_LOOP_ANALYSIS = YES;
				CLANG_WARN_STRICT_PROTOTYPES = YES;
				CLANG_WARN_SUSPICIOUS_MOVE = YES;
				CLANG_WARN_UNGUARDED_AVAILABILITY = YES_AGGRESSIVE;
				CLANG_WARN_UNREACHABLE_CODE = YES;
				CLANG_WARN__DUPLICATE_METHOD_MATCH = YES;
				COPY_PHASE_STRIP = NO;
				DEBUG_INFORMATION_FORMAT = dwarf;
				ENABLE_STRICT_OBJC_MSGSEND = YES;
				ENABLE_TESTABILITY = YES;
				GCC_C_LANGUAGE_STANDARD = gnu11;
				GCC_DYNAMIC_NO_PIC = NO;
				GCC_NO_COMMON_BLOCKS = YES;
				GCC_OPTIMIZATION_LEVEL = 0;
				GCC_PREPROCESSOR_DEFINITIONS = (
					"DEBUG=1",
					"$(inherited)",
				);
				GCC_WARN_64_TO_32_BIT_CONVERSION = YES;
				GCC_WARN_ABOUT_RETURN_TYPE = YES_ERROR;
				GCC_WARN_UNDECLARED_SELECTOR = YES;
				GCC_WARN_UNINITIALIZED_AUTOS = YES_AGGRESSIVE;
				GCC_WARN_UNUSED_FUNCTION = YES;
				GCC_WARN_UNUSED_VARIABLE = YES;
				MACOSX_DEPLOYMENT_TARGET = 12.1;
				MTL_ENABLE_DEBUG_INFO = INCLUDE_SOURCE;
				MTL_FAST_MATH = YES;
				ONLY_ACTIVE_ARCH = YES;
				SDKROOT = macosx;
				SWIFT_ACTIVE_COMPILATION_CONDITIONS = DEBUG;
				SWIFT_OPTIMIZATION_LEVEL = "-Onone";
			};
			name = Debug;
		};
		83A16283277915D700ED1791 /* Release */ = {
			isa = XCBuildConfiguration;
			buildSettings = {
				ALWAYS_SEARCH_USER_PATHS = NO;
				CLANG_ANALYZER_NONNULL = YES;
				CLANG_ANALYZER_NUMBER_OBJECT_CONVERSION = YES_AGGRESSIVE;
				CLANG_CXX_LANGUAGE_STANDARD = "gnu++17";
				CLANG_CXX_LIBRARY = "libc++";
				CLANG_ENABLE_MODULES = YES;
				CLANG_ENABLE_OBJC_ARC = YES;
				CLANG_ENABLE_OBJC_WEAK = YES;
				CLANG_WARN_BLOCK_CAPTURE_AUTORELEASING = YES;
				CLANG_WARN_BOOL_CONVERSION = YES;
				CLANG_WARN_COMMA = YES;
				CLANG_WARN_CONSTANT_CONVERSION = YES;
				CLANG_WARN_DEPRECATED_OBJC_IMPLEMENTATIONS = YES;
				CLANG_WARN_DIRECT_OBJC_ISA_USAGE = YES_ERROR;
				CLANG_WARN_DOCUMENTATION_COMMENTS = YES;
				CLANG_WARN_EMPTY_BODY = YES;
				CLANG_WARN_ENUM_CONVERSION = YES;
				CLANG_WARN_INFINITE_RECURSION = YES;
				CLANG_WARN_INT_CONVERSION = YES;
				CLANG_WARN_NON_LITERAL_NULL_CONVERSION = YES;
				CLANG_WARN_OBJC_IMPLICIT_RETAIN_SELF = YES;
				CLANG_WARN_OBJC_LITERAL_CONVERSION = YES;
				CLANG_WARN_OBJC_ROOT_CLASS = YES_ERROR;
				CLANG_WARN_QUOTED_INCLUDE_IN_FRAMEWORK_HEADER = YES;
				CLANG_WARN_RANGE_LOOP_ANALYSIS = YES;
				CLANG_WARN_STRICT_PROTOTYPES = YES;
				CLANG_WARN_SUSPICIOUS_MOVE = YES;
				CLANG_WARN_UNGUARDED_AVAILABILITY = YES_AGGRESSIVE;
				CLANG_WARN_UNREACHABLE_CODE = YES;
				CLANG_WARN__DUPLICATE_METHOD_MATCH = YES;
				COPY_PHASE_STRIP = NO;
				DEBUG_INFORMATION_FORMAT = "dwarf-with-dsym";
				ENABLE_NS_ASSERTIONS = NO;
				ENABLE_STRICT_OBJC_MSGSEND = YES;
				GCC_C_LANGUAGE_STANDARD = gnu11;
				GCC_NO_COMMON_BLOCKS = YES;
				GCC_WARN_64_TO_32_BIT_CONVERSION = YES;
				GCC_WARN_ABOUT_RETURN_TYPE = YES_ERROR;
				GCC_WARN_UNDECLARED_SELECTOR = YES;
				GCC_WARN_UNINITIALIZED_AUTOS = YES_AGGRESSIVE;
				GCC_WARN_UNUSED_FUNCTION = YES;
				GCC_WARN_UNUSED_VARIABLE = YES;
				MACOSX_DEPLOYMENT_TARGET = 12.1;
				MTL_ENABLE_DEBUG_INFO = NO;
				MTL_FAST_MATH = YES;
				SDKROOT = macosx;
				SWIFT_COMPILATION_MODE = wholemodule;
				SWIFT_OPTIMIZATION_LEVEL = "-O";
			};
			name = Release;
		};
		83A16285277915D700ED1791 /* Debug */ = {
			isa = XCBuildConfiguration;
			baseConfigurationReference = 04EB630312BBE5DDE40C1D4C /* Pods-macosApp.debug.xcconfig */;
			buildSettings = {
				ASSETCATALOG_COMPILER_APPICON_NAME = AppIcon;
				ASSETCATALOG_COMPILER_GLOBAL_ACCENT_COLOR_NAME = AccentColor;
				CODE_SIGN_ENTITLEMENTS = f1results/f1results.entitlements;
				CODE_SIGN_STYLE = Automatic;
				COMBINE_HIDPI_IMAGES = YES;
				CURRENT_PROJECT_VERSION = 1;
				DEVELOPMENT_ASSET_PATHS = "\"macosApp/Preview Content\"";
				ENABLE_PREVIEWS = YES;
				GENERATE_INFOPLIST_FILE = YES;
				INFOPLIST_KEY_NSHumanReadableCopyright = "";
				LD_RUNPATH_SEARCH_PATHS = (
					"$(inherited)",
					"@executable_path/../Frameworks",
				);
				MARKETING_VERSION = 1.0;
				PRODUCT_BUNDLE_IDENTIFIER = dev.mateusz1913.f1results;
				PRODUCT_NAME = "$(TARGET_NAME)";
				SWIFT_EMIT_LOC_STRINGS = YES;
				SWIFT_VERSION = 5.0;
			};
			name = Debug;
		};
		83A16286277915D700ED1791 /* Release */ = {
			isa = XCBuildConfiguration;
			baseConfigurationReference = 2EFE3A05D1F0951C2902096D /* Pods-macosApp.release.xcconfig */;
			buildSettings = {
				ASSETCATALOG_COMPILER_APPICON_NAME = AppIcon;
				ASSETCATALOG_COMPILER_GLOBAL_ACCENT_COLOR_NAME = AccentColor;
				CODE_SIGN_ENTITLEMENTS = f1results/f1results.entitlements;
				CODE_SIGN_STYLE = Automatic;
				COMBINE_HIDPI_IMAGES = YES;
				CURRENT_PROJECT_VERSION = 1;
				DEVELOPMENT_ASSET_PATHS = "\"macosApp/Preview Content\"";
				ENABLE_PREVIEWS = YES;
				GENERATE_INFOPLIST_FILE = YES;
				INFOPLIST_KEY_NSHumanReadableCopyright = "";
				LD_RUNPATH_SEARCH_PATHS = (
					"$(inherited)",
					"@executable_path/../Frameworks",
				);
				MARKETING_VERSION = 1.0;
				PRODUCT_BUNDLE_IDENTIFIER = dev.mateusz1913.f1results;
				PRODUCT_NAME = "$(TARGET_NAME)";
				SWIFT_EMIT_LOC_STRINGS = YES;
				SWIFT_VERSION = 5.0;
			};
			name = Release;
		};
/* End XCBuildConfiguration section */

/* Begin XCConfigurationList section */
		83A1625A277915D500ED1791 /* Build configuration list for PBXProject "macosApp" */ = {
			isa = XCConfigurationList;
			buildConfigurations = (
				83A16282277915D700ED1791 /* Debug */,
				83A16283277915D700ED1791 /* Release */,
			);
			defaultConfigurationIsVisible = 0;
			defaultConfigurationName = Release;
		};
		83A16284277915D700ED1791 /* Build configuration list for PBXNativeTarget "macosApp" */ = {
			isa = XCConfigurationList;
			buildConfigurations = (
				83A16285277915D700ED1791 /* Debug */,
				83A16286277915D700ED1791 /* Release */,
			);
			defaultConfigurationIsVisible = 0;
			defaultConfigurationName = Release;
		};
/* End XCConfigurationList section */
	};
	rootObject = 83A16257277915D500ED1791 /* Project object */;
}
